
Microsoft Visual Studio Solution File, Format Version 12.00
Project("{FAE04EC0-301F-11D3-BF4B-00C04F79EFBC}") = "github2trello", "github2trello\github2trello.csproj", "{D35B5482-AC31-44B1-9E1E-566FF8F05532}"
EndProject
Global
	GlobalSection(SolutionConfigurationPlatforms) = preSolution
		Debug|Any CPU = Debug|Any CPU
		Release|Any CPU = Release|Any CPU
	EndGlobalSection
	GlobalSection(ProjectConfigurationPlatforms) = postSolution
		{D35B5482-AC31-44B1-9E1E-566FF8F05532}.Debug|Any CPU.ActiveCfg = Debug|Any CPU
		{D35B5482-AC31-44B1-9E1E-566FF8F05532}.Debug|Any CPU.Build.0 = Debug|Any CPU
		{D35B5482-AC31-44B1-9E1E-566FF8F05532}.Release|Any CPU.ActiveCfg = Release|Any CPU
		{D35B5482-AC31-44B1-9E1E-566FF8F05532}.Release|Any CPU.Build.0 = Release|Any CPU
	EndGlobalSection
EndGlobal
